{
  "nodes": {
    "fenix": {
      "inputs": {
        "nixpkgs": [
          "nixpkgs"
        ],
        "rust-analyzer-src": "rust-analyzer-src"
      },
      "locked": {
        "lastModified": 1684736520,
        "narHash": "sha256-8WjS3Mmr4DPBsSV2iPkYmxr0/YPpkhX10qT/0YybSsc=",
        "owner": "nix-community",
        "repo": "fenix",
        "rev": "f435c0d000726dc5ccfabde567443c2495957706",
        "type": "github"
      },
      "original": {
        "owner": "nix-community",
        "repo": "fenix",
        "type": "github"
      }
    },
    "home-manager": {
      "inputs": {
        "nixpkgs": [
          "nixpkgs"
        ]
      },
      "locked": {
        "lastModified": 1684741999,
        "narHash": "sha256-KZLKsFZ6cLjCdCNKZoT8bc1y+rYBuFgKatmIB38zqy4=",
        "owner": "nix-community",
        "repo": "home-manager",
        "rev": "ba006d7cca2cb871c6a31bdbc130c05cde5ca8e8",
        "type": "github"
      },
      "original": {
        "owner": "nix-community",
        "repo": "home-manager",
        "type": "github"
      }
    },
    "nixpkgs": {
      "locked": {
        "lastModified": 1684662198,
        "narHash": "sha256-lmGDGuFONWSoGBKDDhU/6fOhhmFoZQ8rPf+kS7/e/Gs=",
        "owner": "NixOS",
        "repo": "nixpkgs",
        "rev": "50a183182d7ae39133555414d48d5d609a28a57d",
        "type": "github"
      },
      "original": {
        "owner": "NixOS",
        "ref": "nixos-unstable",
        "repo": "nixpkgs",
        "type": "github"
      }
    },
    "root": {
      "inputs": {
        "fenix": "fenix",
        "home-manager": "home-manager",
        "nixpkgs": "nixpkgs"
      }
    },
    "rust-analyzer-src": {
      "flake": false,
      "locked": {
        "lastModified": 1684672829,
        "narHash": "sha256-xDUpgRcACQQREemfVQnft6AImqF2+dbxmHupw6gzSho=",
        "owner": "rust-lang",
        "repo": "rust-analyzer",
        "rev": "7ac161ce77dfa31dc39337c2543a1d777e70c16e",
        "type": "github"
      },
      "original": {
        "owner": "rust-lang",
        "ref": "nightly",
        "repo": "rust-analyzer",
        "type": "github"
      }
    }
  },
  "root": "root",
  "version": 7
}
